
Microsoft Visual Studio Solution File, Format Version 12.00
# Visual Studio 2012
Project("{FAE04EC0-301F-11D3-BF4B-00C04F79EFBC}") = "Todo.Clients.Web.UI", "Clients\Todo.Clients.Web.UI\Todo.Clients.Web.UI.csproj", "{E41C3C5A-BD94-40A2-A733-5EE75F3A45F6}"
EndProject
Project("{2150E333-8FDC-42A3-9474-1A3956D46DE8}") = "Clients", "Clients", "{569992F9-6E4E-4D02-B4F6-52F8AB2D124B}"
EndProject
Project("{2150E333-8FDC-42A3-9474-1A3956D46DE8}") = "Domain", "Domain", "{88337E38-870B-4D41-8FB2-F497A095C4C9}"
EndProject
Project("{2150E333-8FDC-42A3-9474-1A3956D46DE8}") = "Test", "Test", "{7F53B6EF-C14B-48B4-9856-82C445ADC419}"
EndProject
Project("{2150E333-8FDC-42A3-9474-1A3956D46DE8}") = "Data", "Data", "{23591952-CFB4-46ED-909F-348B0144B97E}"
EndProject
Project("{FAE04EC0-301F-11D3-BF4B-00C04F79EFBC}") = "Todo.Domain", "Domain\Todo.Domain\Todo.Domain.csproj", "{7DBB3FF9-48F0-43C5-8118-5F7AA732FA5B}"
EndProject
Project("{FAE04EC0-301F-11D3-BF4B-00C04F79EFBC}") = "Todo.Domain.Entities", "Domain\Todo.Domain.Entities\Todo.Domain.Entities.csproj", "{5B56A8A1-CB85-4588-8929-878A550A19BE}"
EndProject
Project("{FAE04EC0-301F-11D3-BF4B-00C04F79EFBC}") = "Todo.Domain.Services", "Domain\Todo.Domain.Services\Todo.Domain.Services.csproj", "{EF20A233-CEDC-4017-8C03-70BDAC8B7A66}"
EndProject
Project("{FAE04EC0-301F-11D3-BF4B-00C04F79EFBC}") = "Todo.Data.Dapper", "Data\Todo.Data.Dapper\Todo.Data.Dapper.csproj", "{4B86CE65-B536-4901-A04F-BCAA07A879A2}"
EndProject
Project("{FAE04EC0-301F-11D3-BF4B-00C04F79EFBC}") = "Todo.Data.EntityFramework", "Data\Todo.Data.EntityFramework\Todo.Data.EntityFramework.csproj", "{887EE5F1-FB70-4929-B326-BB9BA9C91CFC}"
EndProject
Project("{FAE04EC0-301F-11D3-BF4B-00C04F79EFBC}") = "Todo.Data.Services", "Data\Todo.Data.Services\Todo.Data.Services.csproj", "{CE5AC7D8-9672-4C37-B146-C9C5FE4DC08E}"
EndProject
Project("{FAE04EC0-301F-11D3-BF4B-00C04F79EFBC}") = "Todo.Test.UnitTest", "Test\Todo.Test.UnitTest\Todo.Test.UnitTest.csproj", "{D36319A1-F0CC-45D3-A806-DFD6EDD26D7F}"
EndProject
Project("{FAE04EC0-301F-11D3-BF4B-00C04F79EFBC}") = "Todo.Clients.Web.UI.Infrastructure", "Clients\Todo.Clients.Web.UI.Infrastructure\Todo.Clients.Web.UI.Infrastructure.csproj", "{05D5447A-DB61-414C-A8E4-011EC0C4A0EB}"
EndProject
Project("{FAE04EC0-301F-11D3-BF4B-00C04F79EFBC}") = "Todo.Domain.IoC", "Domain\Todo.Domain.IoC\Todo.Domain.IoC.csproj", "{CA63129D-7701-4E9C-8243-8AB66FC1571E}"
EndProject
Global
	GlobalSection(SolutionConfigurationPlatforms) = preSolution
		Debug|Any CPU = Debug|Any CPU
		Release|Any CPU = Release|Any CPU
	EndGlobalSection
	GlobalSection(ProjectConfigurationPlatforms) = postSolution
		{E41C3C5A-BD94-40A2-A733-5EE75F3A45F6}.Debug|Any CPU.ActiveCfg = Debug|Any CPU
		{E41C3C5A-BD94-40A2-A733-5EE75F3A45F6}.Debug|Any CPU.Build.0 = Debug|Any CPU
		{E41C3C5A-BD94-40A2-A733-5EE75F3A45F6}.Release|Any CPU.ActiveCfg = Release|Any CPU
		{E41C3C5A-BD94-40A2-A733-5EE75F3A45F6}.Release|Any CPU.Build.0 = Release|Any CPU
		{7DBB3FF9-48F0-43C5-8118-5F7AA732FA5B}.Debug|Any CPU.ActiveCfg = Debug|Any CPU
		{7DBB3FF9-48F0-43C5-8118-5F7AA732FA5B}.Debug|Any CPU.Build.0 = Debug|Any CPU
		{7DBB3FF9-48F0-43C5-8118-5F7AA732FA5B}.Release|Any CPU.ActiveCfg = Release|Any CPU
		{7DBB3FF9-48F0-43C5-8118-5F7AA732FA5B}.Release|Any CPU.Build.0 = Release|Any CPU
		{5B56A8A1-CB85-4588-8929-878A550A19BE}.Debug|Any CPU.ActiveCfg = Debug|Any CPU
		{5B56A8A1-CB85-4588-8929-878A550A19BE}.Debug|Any CPU.Build.0 = Debug|Any CPU
		{5B56A8A1-CB85-4588-8929-878A550A19BE}.Release|Any CPU.ActiveCfg = Release|Any CPU
		{5B56A8A1-CB85-4588-8929-878A550A19BE}.Release|Any CPU.Build.0 = Release|Any CPU
		{EF20A233-CEDC-4017-8C03-70BDAC8B7A66}.Debug|Any CPU.ActiveCfg = Debug|Any CPU
		{EF20A233-CEDC-4017-8C03-70BDAC8B7A66}.Debug|Any CPU.Build.0 = Debug|Any CPU
		{EF20A233-CEDC-4017-8C03-70BDAC8B7A66}.Release|Any CPU.ActiveCfg = Release|Any CPU
		{EF20A233-CEDC-4017-8C03-70BDAC8B7A66}.Release|Any CPU.Build.0 = Release|Any CPU
		{4B86CE65-B536-4901-A04F-BCAA07A879A2}.Debug|Any CPU.ActiveCfg = Debug|Any CPU
		{4B86CE65-B536-4901-A04F-BCAA07A879A2}.Debug|Any CPU.Build.0 = Debug|Any CPU
		{4B86CE65-B536-4901-A04F-BCAA07A879A2}.Release|Any CPU.ActiveCfg = Release|Any CPU
		{4B86CE65-B536-4901-A04F-BCAA07A879A2}.Release|Any CPU.Build.0 = Release|Any CPU
		{887EE5F1-FB70-4929-B326-BB9BA9C91CFC}.Debug|Any CPU.ActiveCfg = Debug|Any CPU
		{887EE5F1-FB70-4929-B326-BB9BA9C91CFC}.Debug|Any CPU.Build.0 = Debug|Any CPU
		{887EE5F1-FB70-4929-B326-BB9BA9C91CFC}.Release|Any CPU.ActiveCfg = Release|Any CPU
		{887EE5F1-FB70-4929-B326-BB9BA9C91CFC}.Release|Any CPU.Build.0 = Release|Any CPU
		{CE5AC7D8-9672-4C37-B146-C9C5FE4DC08E}.Debug|Any CPU.ActiveCfg = Debug|Any CPU
		{CE5AC7D8-9672-4C37-B146-C9C5FE4DC08E}.Debug|Any CPU.Build.0 = Debug|Any CPU
		{CE5AC7D8-9672-4C37-B146-C9C5FE4DC08E}.Release|Any CPU.ActiveCfg = Release|Any CPU
		{CE5AC7D8-9672-4C37-B146-C9C5FE4DC08E}.Release|Any CPU.Build.0 = Release|Any CPU
		{D36319A1-F0CC-45D3-A806-DFD6EDD26D7F}.Debug|Any CPU.ActiveCfg = Debug|Any CPU
		{D36319A1-F0CC-45D3-A806-DFD6EDD26D7F}.Debug|Any CPU.Build.0 = Debug|Any CPU
		{D36319A1-F0CC-45D3-A806-DFD6EDD26D7F}.Release|Any CPU.ActiveCfg = Release|Any CPU
		{D36319A1-F0CC-45D3-A806-DFD6EDD26D7F}.Release|Any CPU.Build.0 = Release|Any CPU
		{05D5447A-DB61-414C-A8E4-011EC0C4A0EB}.Debug|Any CPU.ActiveCfg = Debug|Any CPU
		{05D5447A-DB61-414C-A8E4-011EC0C4A0EB}.Debug|Any CPU.Build.0 = Debug|Any CPU
		{05D5447A-DB61-414C-A8E4-011EC0C4A0EB}.Release|Any CPU.ActiveCfg = Release|Any CPU
		{05D5447A-DB61-414C-A8E4-011EC0C4A0EB}.Release|Any CPU.Build.0 = Release|Any CPU
		{CA63129D-7701-4E9C-8243-8AB66FC1571E}.Debug|Any CPU.ActiveCfg = Debug|Any CPU
		{CA63129D-7701-4E9C-8243-8AB66FC1571E}.Debug|Any CPU.Build.0 = Debug|Any CPU
		{CA63129D-7701-4E9C-8243-8AB66FC1571E}.Release|Any CPU.ActiveCfg = Release|Any CPU
		{CA63129D-7701-4E9C-8243-8AB66FC1571E}.Release|Any CPU.Build.0 = Release|Any CPU
	EndGlobalSection
	GlobalSection(SolutionProperties) = preSolution
		HideSolutionNode = FALSE
	EndGlobalSection
	GlobalSection(NestedProjects) = preSolution
		{E41C3C5A-BD94-40A2-A733-5EE75F3A45F6} = {569992F9-6E4E-4D02-B4F6-52F8AB2D124B}
		{05D5447A-DB61-414C-A8E4-011EC0C4A0EB} = {569992F9-6E4E-4D02-B4F6-52F8AB2D124B}
		{7DBB3FF9-48F0-43C5-8118-5F7AA732FA5B} = {88337E38-870B-4D41-8FB2-F497A095C4C9}
		{5B56A8A1-CB85-4588-8929-878A550A19BE} = {88337E38-870B-4D41-8FB2-F497A095C4C9}
		{EF20A233-CEDC-4017-8C03-70BDAC8B7A66} = {88337E38-870B-4D41-8FB2-F497A095C4C9}
		{CA63129D-7701-4E9C-8243-8AB66FC1571E} = {88337E38-870B-4D41-8FB2-F497A095C4C9}
		{D36319A1-F0CC-45D3-A806-DFD6EDD26D7F} = {7F53B6EF-C14B-48B4-9856-82C445ADC419}
		{4B86CE65-B536-4901-A04F-BCAA07A879A2} = {23591952-CFB4-46ED-909F-348B0144B97E}
		{887EE5F1-FB70-4929-B326-BB9BA9C91CFC} = {23591952-CFB4-46ED-909F-348B0144B97E}
		{CE5AC7D8-9672-4C37-B146-C9C5FE4DC08E} = {23591952-CFB4-46ED-909F-348B0144B97E}
	EndGlobalSection
EndGlobal
